PODS:
  - NetworkInterceptor (0.0.8)

DEPENDENCIES:
  - NetworkInterceptor (from `../`)

EXTERNAL SOURCES:
  NetworkInterceptor:
    :path: "../"

SPEC CHECKSUMS:
  NetworkInterceptor: cb1bf671fb87c1a193f2c9c602654f2807500064

PODFILE CHECKSUM: b40976cada1cc5551f85518e4a6933240f3765ff

COCOAPODS: 1.10.1
